
Microsoft Visual Studio Solution File, Format Version 12.00
# Visual Studio Version 17
VisualStudioVersion = 17.7.33913.275
MinimumVisualStudioVersion = 10.0.40219.1
Project("{FAE04EC0-301F-11D3-BF4B-00C04F79EFBC}") = "ppedv.CheesyDrive.Model", "ppedv.CheesyDrive.Model\ppedv.CheesyDrive.Model.csproj", "{92E89866-493B-457F-A6C1-EB4DB7924BA9}"
EndProject
Project("{FAE04EC0-301F-11D3-BF4B-00C04F79EFBC}") = "ppedv.CheesyDrive.Data.EfCore", "ppedv.CheesyDrive.Data.EfCore\ppedv.CheesyDrive.Data.EfCore.csproj", "{07396CA8-05DB-4039-9C09-9A2DEBEB5413}"
EndProject
Project("{FAE04EC0-301F-11D3-BF4B-00C04F79EFBC}") = "ppedv.CheesyDrive.Data.EfCore.Tests", "ppedv.CheesyDrive.Data.EfCore.Tests\ppedv.CheesyDrive.Data.EfCore.Tests.csproj", "{60A38BCD-C427-4EDB-B098-54B086D4DDD6}"
EndProject
Global
	GlobalSection(SolutionConfigurationPlatforms) = preSolution
		Debug|Any CPU = Debug|Any CPU
		Release|Any CPU = Release|Any CPU
	EndGlobalSection
	GlobalSection(ProjectConfigurationPlatforms) = postSolution
		{92E89866-493B-457F-A6C1-EB4DB7924BA9}.Debug|Any CPU.ActiveCfg = Debug|Any CPU
		{92E89866-493B-457F-A6C1-EB4DB7924BA9}.Debug|Any CPU.Build.0 = Debug|Any CPU
		{92E89866-493B-457F-A6C1-EB4DB7924BA9}.Release|Any CPU.ActiveCfg = Release|Any CPU
		{92E89866-493B-457F-A6C1-EB4DB7924BA9}.Release|Any CPU.Build.0 = Release|Any CPU
		{07396CA8-05DB-4039-9C09-9A2DEBEB5413}.Debug|Any CPU.ActiveCfg = Debug|Any CPU
		{07396CA8-05DB-4039-9C09-9A2DEBEB5413}.Debug|Any CPU.Build.0 = Debug|Any CPU
		{07396CA8-05DB-4039-9C09-9A2DEBEB5413}.Release|Any CPU.ActiveCfg = Release|Any CPU
		{07396CA8-05DB-4039-9C09-9A2DEBEB5413}.Release|Any CPU.Build.0 = Release|Any CPU
		{60A38BCD-C427-4EDB-B098-54B086D4DDD6}.Debug|Any CPU.ActiveCfg = Debug|Any CPU
		{60A38BCD-C427-4EDB-B098-54B086D4DDD6}.Debug|Any CPU.Build.0 = Debug|Any CPU
		{60A38BCD-C427-4EDB-B098-54B086D4DDD6}.Release|Any CPU.ActiveCfg = Release|Any CPU
		{60A38BCD-C427-4EDB-B098-54B086D4DDD6}.Release|Any CPU.Build.0 = Release|Any CPU
	EndGlobalSection
	GlobalSection(SolutionProperties) = preSolution
		HideSolutionNode = FALSE
	EndGlobalSection
	GlobalSection(ExtensibilityGlobals) = postSolution
		SolutionGuid = {7A2D2657-0214-47EC-BD17-464A2753EA04}
	EndGlobalSection
EndGlobal
