
Microsoft Visual Studio Solution File, Format Version 12.00
# Visual Studio Version 17
VisualStudioVersion = 17.7.33913.275
MinimumVisualStudioVersion = 10.0.40219.1
Project("{9A19103F-16F7-4668-BE54-9A1E7A4F7556}") = "ppedv.CheesyDrive.Model", "ppedv.CheesyDrive.Model\ppedv.CheesyDrive.Model.csproj", "{92E89866-493B-457F-A6C1-EB4DB7924BA9}"
EndProject
Project("{9A19103F-16F7-4668-BE54-9A1E7A4F7556}") = "ppedv.CheesyDrive.Data.EfCore", "ppedv.CheesyDrive.Data.EfCore\ppedv.CheesyDrive.Data.EfCore.csproj", "{07396CA8-05DB-4039-9C09-9A2DEBEB5413}"
EndProject
Project("{9A19103F-16F7-4668-BE54-9A1E7A4F7556}") = "ppedv.CheesyDrive.Data.EfCore.Tests", "ppedv.CheesyDrive.Data.EfCore.Tests\ppedv.CheesyDrive.Data.EfCore.Tests.csproj", "{60A38BCD-C427-4EDB-B098-54B086D4DDD6}"
EndProject
Project("{FAE04EC0-301F-11D3-BF4B-00C04F79EFBC}") = "ppedv.CheesyDrive.Logic.Core", "ppedv.CheesyDrive.Logic.Core\ppedv.CheesyDrive.Logic.Core.csproj", "{92D44185-9A7C-4D85-BAC0-41A2DA46E1F4}"
EndProject
Project("{FAE04EC0-301F-11D3-BF4B-00C04F79EFBC}") = "ppedv.CheesyDrive.UI.TestConsole", "ppedv.CheesyDrive.UI.TestConsole\ppedv.CheesyDrive.UI.TestConsole.csproj", "{851B5167-710E-4B7B-A771-C44B47D5CDF5}"
EndProject
Project("{FAE04EC0-301F-11D3-BF4B-00C04F79EFBC}") = "ppedv.CheesyDrive.Logic.Core.Tests", "ppedv.CheesyDrive.Logic.Core.Tests\ppedv.CheesyDrive.Logic.Core.Tests.csproj", "{B5C06064-13D4-4D3C-B26A-C01793F20014}"
EndProject
Project("{FAE04EC0-301F-11D3-BF4B-00C04F79EFBC}") = "ppedv.CheesyDrive.UI.WPF", "ppedv.CheesyDrive.UI.WPF\ppedv.CheesyDrive.UI.WPF.csproj", "{B6391514-1A81-434F-BEA7-FF0470D5B637}"
EndProject
Global
	GlobalSection(SolutionConfigurationPlatforms) = preSolution
		Debug|Any CPU = Debug|Any CPU
		Release|Any CPU = Release|Any CPU
	EndGlobalSection
	GlobalSection(ProjectConfigurationPlatforms) = postSolution
		{92E89866-493B-457F-A6C1-EB4DB7924BA9}.Debug|Any CPU.ActiveCfg = Debug|Any CPU
		{92E89866-493B-457F-A6C1-EB4DB7924BA9}.Debug|Any CPU.Build.0 = Debug|Any CPU
		{92E89866-493B-457F-A6C1-EB4DB7924BA9}.Release|Any CPU.ActiveCfg = Release|Any CPU
		{92E89866-493B-457F-A6C1-EB4DB7924BA9}.Release|Any CPU.Build.0 = Release|Any CPU
		{07396CA8-05DB-4039-9C09-9A2DEBEB5413}.Debug|Any CPU.ActiveCfg = Debug|Any CPU
		{07396CA8-05DB-4039-9C09-9A2DEBEB5413}.Debug|Any CPU.Build.0 = Debug|Any CPU
		{07396CA8-05DB-4039-9C09-9A2DEBEB5413}.Release|Any CPU.ActiveCfg = Release|Any CPU
		{07396CA8-05DB-4039-9C09-9A2DEBEB5413}.Release|Any CPU.Build.0 = Release|Any CPU
		{60A38BCD-C427-4EDB-B098-54B086D4DDD6}.Debug|Any CPU.ActiveCfg = Debug|Any CPU
		{60A38BCD-C427-4EDB-B098-54B086D4DDD6}.Debug|Any CPU.Build.0 = Debug|Any CPU
		{60A38BCD-C427-4EDB-B098-54B086D4DDD6}.Release|Any CPU.ActiveCfg = Release|Any CPU
		{60A38BCD-C427-4EDB-B098-54B086D4DDD6}.Release|Any CPU.Build.0 = Release|Any CPU
		{92D44185-9A7C-4D85-BAC0-41A2DA46E1F4}.Debug|Any CPU.ActiveCfg = Debug|Any CPU
		{92D44185-9A7C-4D85-BAC0-41A2DA46E1F4}.Debug|Any CPU.Build.0 = Debug|Any CPU
		{92D44185-9A7C-4D85-BAC0-41A2DA46E1F4}.Release|Any CPU.ActiveCfg = Release|Any CPU
		{92D44185-9A7C-4D85-BAC0-41A2DA46E1F4}.Release|Any CPU.Build.0 = Release|Any CPU
		{851B5167-710E-4B7B-A771-C44B47D5CDF5}.Debug|Any CPU.ActiveCfg = Debug|Any CPU
		{851B5167-710E-4B7B-A771-C44B47D5CDF5}.Debug|Any CPU.Build.0 = Debug|Any CPU
		{851B5167-710E-4B7B-A771-C44B47D5CDF5}.Release|Any CPU.ActiveCfg = Release|Any CPU
		{851B5167-710E-4B7B-A771-C44B47D5CDF5}.Release|Any CPU.Build.0 = Release|Any CPU
		{B5C06064-13D4-4D3C-B26A-C01793F20014}.Debug|Any CPU.ActiveCfg = Debug|Any CPU
		{B5C06064-13D4-4D3C-B26A-C01793F20014}.Debug|Any CPU.Build.0 = Debug|Any CPU
		{B5C06064-13D4-4D3C-B26A-C01793F20014}.Release|Any CPU.ActiveCfg = Release|Any CPU
		{B5C06064-13D4-4D3C-B26A-C01793F20014}.Release|Any CPU.Build.0 = Release|Any CPU
		{B6391514-1A81-434F-BEA7-FF0470D5B637}.Debug|Any CPU.ActiveCfg = Debug|Any CPU
		{B6391514-1A81-434F-BEA7-FF0470D5B637}.Debug|Any CPU.Build.0 = Debug|Any CPU
		{B6391514-1A81-434F-BEA7-FF0470D5B637}.Release|Any CPU.ActiveCfg = Release|Any CPU
		{B6391514-1A81-434F-BEA7-FF0470D5B637}.Release|Any CPU.Build.0 = Release|Any CPU
	EndGlobalSection
	GlobalSection(SolutionProperties) = preSolution
		HideSolutionNode = FALSE
	EndGlobalSection
	GlobalSection(ExtensibilityGlobals) = postSolution
		SolutionGuid = {7A2D2657-0214-47EC-BD17-464A2753EA04}
	EndGlobalSection
EndGlobal
